
Microsoft Visual Studio Solution File, Format Version 12.00
# Visual Studio Version 17
VisualStudioVersion = 17.11.35312.102
MinimumVisualStudioVersion = 10.0.40219.1
Project("{FAE04EC0-301F-11D3-BF4B-00C04F79EFBC}") = "Project_QliSieuThi", "Project_QliSieuThi\Project_QliSieuThi.csproj", "{FA9B9673-C261-479C-98BC-CEAE0E23C887}"
EndProject
Global
	GlobalSection(SolutionConfigurationPlatforms) = preSolution
		Debug|Any CPU = Debug|Any CPU
		Release|Any CPU = Release|Any CPU
	EndGlobalSection
	GlobalSection(ProjectConfigurationPlatforms) = postSolution
		{FA9B9673-C261-479C-98BC-CEAE0E23C887}.Debug|Any CPU.ActiveCfg = Debug|Any CPU
		{FA9B9673-C261-479C-98BC-CEAE0E23C887}.Debug|Any CPU.Build.0 = Debug|Any CPU
		{FA9B9673-C261-479C-98BC-CEAE0E23C887}.Release|Any CPU.ActiveCfg = Release|Any CPU
		{FA9B9673-C261-479C-98BC-CEAE0E23C887}.Release|Any CPU.Build.0 = Release|Any CPU
	EndGlobalSection
	GlobalSection(SolutionProperties) = preSolution
		HideSolutionNode = FALSE
	EndGlobalSection
	GlobalSection(ExtensibilityGlobals) = postSolution
		SolutionGuid = {F0D85E8A-252D-45BC-8DB1-475D786B8322}
	EndGlobalSection
EndGlobal
